
Microsoft Visual Studio Solution File, Format Version 12.00
# Visual Studio Version 17
VisualStudioVersion = 17.14.36301.6 d17.14
MinimumVisualStudioVersion = 10.0.40219.1
Project("{FAE04EC0-301F-11D3-BF4B-00C04F79EFBC}") = "BlazorApp1", "BlazorApp1\BlazorApp1.csproj", "{1F7444E4-4401-4341-B31A-A63D83BAA628}"
EndProject
Project("{FAE04EC0-301F-11D3-BF4B-00C04F79EFBC}") = "TestProject1.Tests", "TestProject1\TestProject1.Tests.csproj", "{5EA5AB47-CDD5-41AD-B48C-8C0B5E4AA39B}"
EndProject
Global
	GlobalSection(SolutionConfigurationPlatforms) = preSolution
		Debug|Any CPU = Debug|Any CPU
		Release|Any CPU = Release|Any CPU
	EndGlobalSection
	GlobalSection(ProjectConfigurationPlatforms) = postSolution
		{1F7444E4-4401-4341-B31A-A63D83BAA628}.Debug|Any CPU.ActiveCfg = Debug|Any CPU
		{1F7444E4-4401-4341-B31A-A63D83BAA628}.Debug|Any CPU.Build.0 = Debug|Any CPU
		{1F7444E4-4401-4341-B31A-A63D83BAA628}.Release|Any CPU.ActiveCfg = Release|Any CPU
		{1F7444E4-4401-4341-B31A-A63D83BAA628}.Release|Any CPU.Build.0 = Release|Any CPU
		{5EA5AB47-CDD5-41AD-B48C-8C0B5E4AA39B}.Debug|Any CPU.ActiveCfg = Debug|Any CPU
		{5EA5AB47-CDD5-41AD-B48C-8C0B5E4AA39B}.Debug|Any CPU.Build.0 = Debug|Any CPU
		{5EA5AB47-CDD5-41AD-B48C-8C0B5E4AA39B}.Release|Any CPU.ActiveCfg = Release|Any CPU
		{5EA5AB47-CDD5-41AD-B48C-8C0B5E4AA39B}.Release|Any CPU.Build.0 = Release|Any CPU
	EndGlobalSection
	GlobalSection(SolutionProperties) = preSolution
		HideSolutionNode = FALSE
	EndGlobalSection
	GlobalSection(ExtensibilityGlobals) = postSolution
		SolutionGuid = {500E17BB-594D-4857-BC1D-EE487EFB544B}
	EndGlobalSection
EndGlobal
